
Microsoft Visual Studio Solution File, Format Version 12.00
# Visual Studio 15
VisualStudioVersion = 15.0.26228.9
MinimumVisualStudioVersion = 10.0.40219.1
Project("{2150E333-8FDC-42A3-9474-1A3956D46DE8}") = "Test", "Test", "{8D931E4D-19A9-4957-953F-1A38F1870119}"
EndProject
Project("{9A19103F-16F7-4668-BE54-9A1E7A4F7556}") = "AngularQS.WebApi", "AngularQS.WebApi\AngularQS.WebApi.csproj", "{DCDA027C-D04D-443A-A839-FF944EE01A7B}"
EndProject
Project("{E24C65DC-7377-472B-9ABA-BC803B73C61A}") = "AngularQS.Web(1)", "AngularQS.Web\", "{C9184A19-F60D-4503-A027-7B08A77F2DEA}"
	ProjectSection(WebsiteProperties) = preProject
		TargetFrameworkMoniker = ".NETFramework,Version%3Dv4.0"
		Debug.AspNetCompiler.VirtualPath = "/localhost_64310"
		Debug.AspNetCompiler.PhysicalPath = "AngularQS.Web\"
		Debug.AspNetCompiler.TargetPath = "PrecompiledWeb\localhost_64310\"
		Debug.AspNetCompiler.Updateable = "true"
		Debug.AspNetCompiler.ForceOverwrite = "true"
		Debug.AspNetCompiler.FixedNames = "false"
		Debug.AspNetCompiler.Debug = "True"
		Release.AspNetCompiler.VirtualPath = "/localhost_64310"
		Release.AspNetCompiler.PhysicalPath = "AngularQS.Web\"
		Release.AspNetCompiler.TargetPath = "PrecompiledWeb\localhost_64310\"
		Release.AspNetCompiler.Updateable = "true"
		Release.AspNetCompiler.ForceOverwrite = "true"
		Release.AspNetCompiler.FixedNames = "false"
		Release.AspNetCompiler.Debug = "False"
		VWDPort = "64310"
		SlnRelativePath = "AngularQS.Web\"
	EndProjectSection
EndProject
Global
	GlobalSection(SolutionConfigurationPlatforms) = preSolution
		Debug|Any CPU = Debug|Any CPU
		Release|Any CPU = Release|Any CPU
	EndGlobalSection
	GlobalSection(ProjectConfigurationPlatforms) = postSolution
		{DCDA027C-D04D-443A-A839-FF944EE01A7B}.Debug|Any CPU.ActiveCfg = Debug|Any CPU
		{DCDA027C-D04D-443A-A839-FF944EE01A7B}.Debug|Any CPU.Build.0 = Debug|Any CPU
		{DCDA027C-D04D-443A-A839-FF944EE01A7B}.Release|Any CPU.ActiveCfg = Release|Any CPU
		{DCDA027C-D04D-443A-A839-FF944EE01A7B}.Release|Any CPU.Build.0 = Release|Any CPU
		{C9184A19-F60D-4503-A027-7B08A77F2DEA}.Debug|Any CPU.ActiveCfg = Debug|Any CPU
		{C9184A19-F60D-4503-A027-7B08A77F2DEA}.Debug|Any CPU.Build.0 = Debug|Any CPU
		{C9184A19-F60D-4503-A027-7B08A77F2DEA}.Release|Any CPU.ActiveCfg = Debug|Any CPU
		{C9184A19-F60D-4503-A027-7B08A77F2DEA}.Release|Any CPU.Build.0 = Debug|Any CPU
	EndGlobalSection
	GlobalSection(SolutionProperties) = preSolution
		HideSolutionNode = FALSE
	EndGlobalSection
	GlobalSection(ExtensibilityGlobals) = postSolution
		SolutionGuid = {AF19AAEE-E8C4-4778-B82D-8421217A58D6}
	EndGlobalSection
EndGlobal
