
Microsoft Visual Studio Solution File, Format Version 12.00
# Visual Studio 15
VisualStudioVersion = 15.0.26228.9
MinimumVisualStudioVersion = 10.0.40219.1
Project("{2150E333-8FDC-42A3-9474-1A3956D46DE8}") = "Test", "Test", "{8D931E4D-19A9-4957-953F-1A38F1870119}"
EndProject
Project("{9A19103F-16F7-4668-BE54-9A1E7A4F7556}") = "AngularQS.WebApi", "AngularQS.WebApi\AngularQS.WebApi.csproj", "{DCDA027C-D04D-443A-A839-FF944EE01A7B}"
EndProject
Project("{2150E333-8FDC-42A3-9474-1A3956D46DE8}") = "HaveProblem", "HaveProblem", "{CABD4AC1-26BD-4FCF-863C-9E650FFB6FD3}"
	ProjectSection(SolutionItems) = preProject
		TextFile1.txt = TextFile1.txt
	EndProjectSection
EndProject
Project("{9A19103F-16F7-4668-BE54-9A1E7A4F7556}") = "AngularQS.Data", "AngularQS.Data\AngularQS.Data.csproj", "{3B63D868-D638-4E42-8A8F-EAF387E8CAB3}"
EndProject
Project("{9A19103F-16F7-4668-BE54-9A1E7A4F7556}") = "AngularQS.Repository", "AngularQS.Repository\AngularQS.Repository.csproj", "{876BB19E-484B-47C5-9889-43808FE43955}"
EndProject
Project("{9A19103F-16F7-4668-BE54-9A1E7A4F7556}") = "AngularQS.Services", "AngularQS.Services\AngularQS.Services.csproj", "{4D967DFB-DF18-4A46-ACB3-24FC0B616F73}"
EndProject
Project("{9A19103F-16F7-4668-BE54-9A1E7A4F7556}") = "AngularQS.DomainModel", "AngularQS.DomainModel\AngularQS.DomainModel.csproj", "{E6A6744E-FAA5-40CD-A7D7-5650675D378B}"
EndProject
Project("{9A19103F-16F7-4668-BE54-9A1E7A4F7556}") = "AngularQS.CommandModel", "AngularQS.CommandModel\AngularQS.CommandModel.csproj", "{B21E08B9-796C-4D2D-8F71-FC8503B54C00}"
EndProject
Project("{9A19103F-16F7-4668-BE54-9A1E7A4F7556}") = "AngularQS.Common", "AngularQS.Common\AngularQS.Common.csproj", "{19AEBB1F-8B8E-4EB5-B350-E7B496D167BE}"
EndProject
Global
	GlobalSection(SolutionConfigurationPlatforms) = preSolution
		Debug|Any CPU = Debug|Any CPU
		Release|Any CPU = Release|Any CPU
	EndGlobalSection
	GlobalSection(ProjectConfigurationPlatforms) = postSolution
		{DCDA027C-D04D-443A-A839-FF944EE01A7B}.Debug|Any CPU.ActiveCfg = Debug|Any CPU
		{DCDA027C-D04D-443A-A839-FF944EE01A7B}.Debug|Any CPU.Build.0 = Debug|Any CPU
		{DCDA027C-D04D-443A-A839-FF944EE01A7B}.Release|Any CPU.ActiveCfg = Release|Any CPU
		{DCDA027C-D04D-443A-A839-FF944EE01A7B}.Release|Any CPU.Build.0 = Release|Any CPU
		{3B63D868-D638-4E42-8A8F-EAF387E8CAB3}.Debug|Any CPU.ActiveCfg = Debug|Any CPU
		{3B63D868-D638-4E42-8A8F-EAF387E8CAB3}.Debug|Any CPU.Build.0 = Debug|Any CPU
		{3B63D868-D638-4E42-8A8F-EAF387E8CAB3}.Release|Any CPU.ActiveCfg = Release|Any CPU
		{3B63D868-D638-4E42-8A8F-EAF387E8CAB3}.Release|Any CPU.Build.0 = Release|Any CPU
		{876BB19E-484B-47C5-9889-43808FE43955}.Debug|Any CPU.ActiveCfg = Debug|Any CPU
		{876BB19E-484B-47C5-9889-43808FE43955}.Debug|Any CPU.Build.0 = Debug|Any CPU
		{876BB19E-484B-47C5-9889-43808FE43955}.Release|Any CPU.ActiveCfg = Release|Any CPU
		{876BB19E-484B-47C5-9889-43808FE43955}.Release|Any CPU.Build.0 = Release|Any CPU
		{4D967DFB-DF18-4A46-ACB3-24FC0B616F73}.Debug|Any CPU.ActiveCfg = Debug|Any CPU
		{4D967DFB-DF18-4A46-ACB3-24FC0B616F73}.Debug|Any CPU.Build.0 = Debug|Any CPU
		{4D967DFB-DF18-4A46-ACB3-24FC0B616F73}.Release|Any CPU.ActiveCfg = Release|Any CPU
		{4D967DFB-DF18-4A46-ACB3-24FC0B616F73}.Release|Any CPU.Build.0 = Release|Any CPU
		{E6A6744E-FAA5-40CD-A7D7-5650675D378B}.Debug|Any CPU.ActiveCfg = Debug|Any CPU
		{E6A6744E-FAA5-40CD-A7D7-5650675D378B}.Debug|Any CPU.Build.0 = Debug|Any CPU
		{E6A6744E-FAA5-40CD-A7D7-5650675D378B}.Release|Any CPU.ActiveCfg = Release|Any CPU
		{E6A6744E-FAA5-40CD-A7D7-5650675D378B}.Release|Any CPU.Build.0 = Release|Any CPU
		{B21E08B9-796C-4D2D-8F71-FC8503B54C00}.Debug|Any CPU.ActiveCfg = Debug|Any CPU
		{B21E08B9-796C-4D2D-8F71-FC8503B54C00}.Debug|Any CPU.Build.0 = Debug|Any CPU
		{B21E08B9-796C-4D2D-8F71-FC8503B54C00}.Release|Any CPU.ActiveCfg = Release|Any CPU
		{B21E08B9-796C-4D2D-8F71-FC8503B54C00}.Release|Any CPU.Build.0 = Release|Any CPU
		{19AEBB1F-8B8E-4EB5-B350-E7B496D167BE}.Debug|Any CPU.ActiveCfg = Debug|Any CPU
		{19AEBB1F-8B8E-4EB5-B350-E7B496D167BE}.Debug|Any CPU.Build.0 = Debug|Any CPU
		{19AEBB1F-8B8E-4EB5-B350-E7B496D167BE}.Release|Any CPU.ActiveCfg = Release|Any CPU
		{19AEBB1F-8B8E-4EB5-B350-E7B496D167BE}.Release|Any CPU.Build.0 = Release|Any CPU
	EndGlobalSection
	GlobalSection(SolutionProperties) = preSolution
		HideSolutionNode = FALSE
	EndGlobalSection
	GlobalSection(ExtensibilityGlobals) = postSolution
		SolutionGuid = {AF19AAEE-E8C4-4778-B82D-8421217A58D6}
	EndGlobalSection
EndGlobal
